{
    "_readme": [
        "This file locks the dependencies of your project to a known state",
        "Read more about it at https://getcomposer.org/doc/01-basic-usage.md#composer-lock-the-lock-file",
        "This file is @generated automatically"
    ],
    "content-hash": "16fd7a805377b3d0c17f7a8787efcbb6",
    "packages": [
        {
            "name": "composer/installers",
            "version": "v1.2.0",
            "source": {
                "type": "git",
                "url": "https://github.com/composer/installers.git",
                "reference": "d78064c68299743e0161004f2de3a0204e33b804"
            },
            "dist": {
                "type": "zip",
                "url": "https://api.github.com/repos/composer/installers/zipball/d78064c68299743e0161004f2de3a0204e33b804",
                "reference": "d78064c68299743e0161004f2de3a0204e33b804",
                "shasum": ""
            },
            "require": {
                "composer-plugin-api": "^1.0"
            },
            "replace": {
                "roundcube/plugin-installer": "*",
                "shama/baton": "*"
            },
            "require-dev": {
                "composer/composer": "1.0.*@dev",
                "phpunit/phpunit": "4.1.*"
            },
            "type": "composer-plugin",
            "extra": {
                "class": "Composer\\Installers\\Plugin",
                "branch-alias": {
                    "dev-master": "1.0-dev"
                }
            },
            "autoload": {
                "psr-4": {
                    "Composer\\Installers\\": "src/Composer/Installers"
                }
            },
            "notification-url": "https://packagist.org/downloads/",
            "license": [
                "MIT"
            ],
            "authors": [
                {
                    "name": "Kyle Robinson Young",
                    "email": "kyle@dontkry.com",
                    "homepage": "https://github.com/shama"
                }
            ],
            "description": "A multi-framework Composer library installer",
            "homepage": "https://composer.github.io/installers/",
            "keywords": [
                "Craft",
                "Dolibarr",
                "Hurad",
                "ImageCMS",
                "MODX Evo",
                "Mautic",
                "OXID",
                "Plentymarkets",
                "RadPHP",
                "SMF",
                "Thelia",
                "WolfCMS",
                "agl",
                "aimeos",
                "annotatecms",
                "attogram",
                "bitrix",
                "cakephp",
                "chef",
                "cockpit",
                "codeigniter",
                "concrete5",
                "croogo",
                "dokuwiki",
                "drupal",
                "elgg",
                "expressionengine",
                "fuelphp",
                "grav",
                "installer",
                "joomla",
                "kohana",
                "laravel",
                "lithium",
                "magento",
                "mako",
                "mediawiki",
                "modulework",
                "moodle",
                "phpbb",
                "piwik",
                "ppi",
                "puppet",
                "reindex",
                "roundcube",
                "shopware",
                "silverstripe",
                "symfony",
                "typo3",
                "wordpress",
                "yawik",
                "zend",
                "zikula"
            ],
            "time": "2016-08-13T20:53:52+00:00"
        },
        {
            "name": "yoast/menu-structure",
            "version": "dev-master",
            "source": {
                "type": "git",
                "url": "https://github.com/Yoast/website-menu-structure.git",
                "reference": "d5c43f0ec7eb3cadb1eaba2955ab1e04bb07fcdd"
            },
            "dist": {
                "type": "zip",
                "url": "https://api.github.com/repos/Yoast/website-menu-structure/zipball/d5c43f0ec7eb3cadb1eaba2955ab1e04bb07fcdd",
                "reference": "d5c43f0ec7eb3cadb1eaba2955ab1e04bb07fcdd",
                "shasum": ""
            },
            "type": "library",
            "autoload": {
                "classmap": [
                    "php/class-menu-item.php",
                    "php/class-main-menu-item.php",
                    "php/class-menu-structure.php"
                ]
            },
            "authors": [
                {
                    "name": "Team Yoast",
                    "email": "support@yoast.com"
                }
            ],
            "description": "Used to generate the menus on Yoast.com and other yoast sites",
            "support": {
                "source": "https://github.com/Yoast/website-menu-structure/tree/master"
            },
            "time": "2017-01-20 15:27:19"
        },
        {
            "name": "yoast/visitor-to-currency",
            "version": "dev-master",
            "source": {
                "type": "git",
                "url": "https://github.com/Yoast/visitor-to-currency.git",
                "reference": "ee1fe834d465c8226a4681c62c6357675197f583"
            },
            "dist": {
                "type": "zip",
                "url": "https://api.github.com/repos/Yoast/visitor-to-currency/zipball/ee1fe834d465c8226a4681c62c6357675197f583",
                "reference": "ee1fe834d465c8226a4681c62c6357675197f583",
                "shasum": ""
            },
            "type": "library",
            "autoload": {
                "classmap": [
                    "php/class-currency-controller.php",
                    "php/class-lookup-interface.php",
                    "php/class-ip-to-country.php",
                    "php/class-country-to-currency.php",
                    "php/class-language-to-country.php"
                ]
            },
            "authors": [
                {
                    "name": "Team Yoast",
                    "email": "support@yoast.com"
                }
            ],
            "support": {
                "source": "https://github.com/Yoast/visitor-to-currency/tree/master",
                "issues": "https://github.com/Yoast/visitor-to-currency/issues"
            },
            "time": "2017-01-23 16:58:40"
        }
    ],
    "packages-dev": [],
    "aliases": [],
    "minimum-stability": "dev",
    "stability-flags": {
        "yoast/visitor-to-currency": 20,
        "yoast/menu-structure": 20
    },
    "prefer-stable": false,
    "prefer-lowest": false,
    "platform": [],
    "platform-dev": []
}
